
Microsoft Visual Studio Solution File, Format Version 12.00
# Visual Studio 15
VisualStudioVersion = 15.0.27130.2027
MinimumVisualStudioVersion = 10.0.40219.1
Project("{FAE04EC0-301F-11D3-BF4B-00C04F79EFBC}") = "filepatch1", "filepatch1\filepatch1.csproj", "{90E9C503-55C1-492F-9FB6-6FB9A0377BA2}"
EndProject
Global
	GlobalSection(SolutionConfigurationPlatforms) = preSolution
		Debug|Any CPU = Debug|Any CPU
		Release|Any CPU = Release|Any CPU
	EndGlobalSection
	GlobalSection(ProjectConfigurationPlatforms) = postSolution
		{90E9C503-55C1-492F-9FB6-6FB9A0377BA2}.Debug|Any CPU.ActiveCfg = Debug|Any CPU
		{90E9C503-55C1-492F-9FB6-6FB9A0377BA2}.Debug|Any CPU.Build.0 = Debug|Any CPU
		{90E9C503-55C1-492F-9FB6-6FB9A0377BA2}.Release|Any CPU.ActiveCfg = Release|Any CPU
		{90E9C503-55C1-492F-9FB6-6FB9A0377BA2}.Release|Any CPU.Build.0 = Release|Any CPU
	EndGlobalSection
	GlobalSection(SolutionProperties) = preSolution
		HideSolutionNode = FALSE
	EndGlobalSection
	GlobalSection(ExtensibilityGlobals) = postSolution
		SolutionGuid = {C4160EF9-A7EC-4E24-998F-BD183680DB5F}
	EndGlobalSection
EndGlobal
